
Microsoft Visual Studio Solution File, Format Version 12.00
# Visual Studio Version 16
VisualStudioVersion = 16.0.31702.278
MinimumVisualStudioVersion = 10.0.40219.1
Project("{8BC9CEB8-8B4A-11D0-8D11-00A0C91BC942}") = "SourceCpp", "SourceCpp\SourceCpp.vcxproj", "{4D1571CB-95B7-4FAC-9980-337015AA538B}"
	ProjectSection(ProjectDependencies) = postProject
		{57FAA275-6C33-4FB6-9F2F-762B0D6205B0} = {57FAA275-6C33-4FB6-9F2F-762B0D6205B0}
	EndProjectSection
EndProject
Project("{8BC9CEB8-8B4A-11D0-8D11-00A0C91BC942}") = "DllAsm", "DllAsm\DllAsm.vcxproj", "{57FAA275-6C33-4FB6-9F2F-762B0D6205B0}"
EndProject
Global
	GlobalSection(SolutionConfigurationPlatforms) = preSolution
		Debug|x64 = Debug|x64
		Debug|x86 = Debug|x86
		Release|x64 = Release|x64
		Release|x86 = Release|x86
	EndGlobalSection
	GlobalSection(ProjectConfigurationPlatforms) = postSolution
		{4D1571CB-95B7-4FAC-9980-337015AA538B}.Debug|x64.ActiveCfg = Debug|x64
		{4D1571CB-95B7-4FAC-9980-337015AA538B}.Debug|x64.Build.0 = Debug|x64
		{4D1571CB-95B7-4FAC-9980-337015AA538B}.Debug|x86.ActiveCfg = Debug|Win32
		{4D1571CB-95B7-4FAC-9980-337015AA538B}.Debug|x86.Build.0 = Debug|Win32
		{4D1571CB-95B7-4FAC-9980-337015AA538B}.Release|x64.ActiveCfg = Release|x64
		{4D1571CB-95B7-4FAC-9980-337015AA538B}.Release|x64.Build.0 = Release|x64
		{4D1571CB-95B7-4FAC-9980-337015AA538B}.Release|x86.ActiveCfg = Release|Win32
		{4D1571CB-95B7-4FAC-9980-337015AA538B}.Release|x86.Build.0 = Release|Win32
		{57FAA275-6C33-4FB6-9F2F-762B0D6205B0}.Debug|x64.ActiveCfg = Debug|x64
		{57FAA275-6C33-4FB6-9F2F-762B0D6205B0}.Debug|x64.Build.0 = Debug|x64
		{57FAA275-6C33-4FB6-9F2F-762B0D6205B0}.Debug|x86.ActiveCfg = Debug|Win32
		{57FAA275-6C33-4FB6-9F2F-762B0D6205B0}.Debug|x86.Build.0 = Debug|Win32
		{57FAA275-6C33-4FB6-9F2F-762B0D6205B0}.Release|x64.ActiveCfg = Release|x64
		{57FAA275-6C33-4FB6-9F2F-762B0D6205B0}.Release|x64.Build.0 = Release|x64
		{57FAA275-6C33-4FB6-9F2F-762B0D6205B0}.Release|x86.ActiveCfg = Release|Win32
		{57FAA275-6C33-4FB6-9F2F-762B0D6205B0}.Release|x86.Build.0 = Release|Win32
	EndGlobalSection
	GlobalSection(SolutionProperties) = preSolution
		HideSolutionNode = FALSE
	EndGlobalSection
	GlobalSection(ExtensibilityGlobals) = postSolution
		SolutionGuid = {41EDFED2-21E4-455A-A620-A77B02DD2646}
	EndGlobalSection
EndGlobal
