
Microsoft Visual Studio Solution File, Format Version 12.00
# Visual Studio Version 16
VisualStudioVersion = 16.0.31702.278
MinimumVisualStudioVersion = 10.0.40219.1
Project("{8BC9CEB8-8B4A-11D0-8D11-00A0C91BC942}") = "DllAsm", "DllAsm\DllAsm.vcxproj", "{57FAA275-6C33-4FB6-9F2F-762B0D6205B0}"
EndProject
Project("{9A19103F-16F7-4668-BE54-9A1E7A4F7556}") = "InterfejsUzytkownikaCs", "InterfejsUzytkownikaCs\InterfejsUzytkownikaCs.csproj", "{BCAFFF02-09E8-4A35-BFCC-FDAB49714FB0}"
EndProject
Project("{9A19103F-16F7-4668-BE54-9A1E7A4F7556}") = "SourceCs", "SourceCs\SourceCs.csproj", "{1AF5230A-DC86-4688-ABA4-62C7C1BF76AD}"
EndProject
Global
	GlobalSection(SolutionConfigurationPlatforms) = preSolution
		Debug|Any CPU = Debug|Any CPU
		Debug|x64 = Debug|x64
		Debug|x86 = Debug|x86
		Release|Any CPU = Release|Any CPU
		Release|x64 = Release|x64
		Release|x86 = Release|x86
	EndGlobalSection
	GlobalSection(ProjectConfigurationPlatforms) = postSolution
		{57FAA275-6C33-4FB6-9F2F-762B0D6205B0}.Debug|Any CPU.ActiveCfg = Debug|Win32
		{57FAA275-6C33-4FB6-9F2F-762B0D6205B0}.Debug|x64.ActiveCfg = Debug|x64
		{57FAA275-6C33-4FB6-9F2F-762B0D6205B0}.Debug|x64.Build.0 = Debug|x64
		{57FAA275-6C33-4FB6-9F2F-762B0D6205B0}.Debug|x86.ActiveCfg = Debug|Win32
		{57FAA275-6C33-4FB6-9F2F-762B0D6205B0}.Debug|x86.Build.0 = Debug|Win32
		{57FAA275-6C33-4FB6-9F2F-762B0D6205B0}.Release|Any CPU.ActiveCfg = Release|Win32
		{57FAA275-6C33-4FB6-9F2F-762B0D6205B0}.Release|x64.ActiveCfg = Release|x64
		{57FAA275-6C33-4FB6-9F2F-762B0D6205B0}.Release|x64.Build.0 = Release|x64
		{57FAA275-6C33-4FB6-9F2F-762B0D6205B0}.Release|x86.ActiveCfg = Release|Win32
		{57FAA275-6C33-4FB6-9F2F-762B0D6205B0}.Release|x86.Build.0 = Release|Win32
		{BCAFFF02-09E8-4A35-BFCC-FDAB49714FB0}.Debug|Any CPU.ActiveCfg = Debug|Any CPU
		{BCAFFF02-09E8-4A35-BFCC-FDAB49714FB0}.Debug|Any CPU.Build.0 = Debug|Any CPU
		{BCAFFF02-09E8-4A35-BFCC-FDAB49714FB0}.Debug|x64.ActiveCfg = Debug|Any CPU
		{BCAFFF02-09E8-4A35-BFCC-FDAB49714FB0}.Debug|x64.Build.0 = Debug|Any CPU
		{BCAFFF02-09E8-4A35-BFCC-FDAB49714FB0}.Debug|x86.ActiveCfg = Debug|Any CPU
		{BCAFFF02-09E8-4A35-BFCC-FDAB49714FB0}.Debug|x86.Build.0 = Debug|Any CPU
		{BCAFFF02-09E8-4A35-BFCC-FDAB49714FB0}.Release|Any CPU.ActiveCfg = Release|Any CPU
		{BCAFFF02-09E8-4A35-BFCC-FDAB49714FB0}.Release|Any CPU.Build.0 = Release|Any CPU
		{BCAFFF02-09E8-4A35-BFCC-FDAB49714FB0}.Release|x64.ActiveCfg = Release|Any CPU
		{BCAFFF02-09E8-4A35-BFCC-FDAB49714FB0}.Release|x64.Build.0 = Release|Any CPU
		{BCAFFF02-09E8-4A35-BFCC-FDAB49714FB0}.Release|x86.ActiveCfg = Release|Any CPU
		{BCAFFF02-09E8-4A35-BFCC-FDAB49714FB0}.Release|x86.Build.0 = Release|Any CPU
		{1AF5230A-DC86-4688-ABA4-62C7C1BF76AD}.Debug|Any CPU.ActiveCfg = Debug|Any CPU
		{1AF5230A-DC86-4688-ABA4-62C7C1BF76AD}.Debug|Any CPU.Build.0 = Debug|Any CPU
		{1AF5230A-DC86-4688-ABA4-62C7C1BF76AD}.Debug|x64.ActiveCfg = Debug|Any CPU
		{1AF5230A-DC86-4688-ABA4-62C7C1BF76AD}.Debug|x64.Build.0 = Debug|Any CPU
		{1AF5230A-DC86-4688-ABA4-62C7C1BF76AD}.Debug|x86.ActiveCfg = Debug|Any CPU
		{1AF5230A-DC86-4688-ABA4-62C7C1BF76AD}.Debug|x86.Build.0 = Debug|Any CPU
		{1AF5230A-DC86-4688-ABA4-62C7C1BF76AD}.Release|Any CPU.ActiveCfg = Release|Any CPU
		{1AF5230A-DC86-4688-ABA4-62C7C1BF76AD}.Release|Any CPU.Build.0 = Release|Any CPU
		{1AF5230A-DC86-4688-ABA4-62C7C1BF76AD}.Release|x64.ActiveCfg = Release|Any CPU
		{1AF5230A-DC86-4688-ABA4-62C7C1BF76AD}.Release|x64.Build.0 = Release|Any CPU
		{1AF5230A-DC86-4688-ABA4-62C7C1BF76AD}.Release|x86.ActiveCfg = Release|Any CPU
		{1AF5230A-DC86-4688-ABA4-62C7C1BF76AD}.Release|x86.Build.0 = Release|Any CPU
	EndGlobalSection
	GlobalSection(SolutionProperties) = preSolution
		HideSolutionNode = FALSE
	EndGlobalSection
	GlobalSection(ExtensibilityGlobals) = postSolution
		SolutionGuid = {41EDFED2-21E4-455A-A620-A77B02DD2646}
	EndGlobalSection
EndGlobal
